
Microsoft Visual Studio Solution File, Format Version 12.00
# Visual Studio Version 17
VisualStudioVersion = 17.2.32519.379
MinimumVisualStudioVersion = 10.0.40219.1
Project("{00D1A9C2-B5F0-4AF3-8072-F6C62B433612}") = "PredifyDesafio", "PredifyDesafio\PredifyDesafio.sqlproj", "{93B40E8B-4A27-4788-B632-48E8777DEF54}"
EndProject
Global
	GlobalSection(SolutionConfigurationPlatforms) = preSolution
		Debug|Any CPU = Debug|Any CPU
		Release|Any CPU = Release|Any CPU
	EndGlobalSection
	GlobalSection(ProjectConfigurationPlatforms) = postSolution
		{93B40E8B-4A27-4788-B632-48E8777DEF54}.Debug|Any CPU.ActiveCfg = Debug|Any CPU
		{93B40E8B-4A27-4788-B632-48E8777DEF54}.Debug|Any CPU.Build.0 = Debug|Any CPU
		{93B40E8B-4A27-4788-B632-48E8777DEF54}.Debug|Any CPU.Deploy.0 = Debug|Any CPU
		{93B40E8B-4A27-4788-B632-48E8777DEF54}.Release|Any CPU.ActiveCfg = Release|Any CPU
		{93B40E8B-4A27-4788-B632-48E8777DEF54}.Release|Any CPU.Build.0 = Release|Any CPU
		{93B40E8B-4A27-4788-B632-48E8777DEF54}.Release|Any CPU.Deploy.0 = Release|Any CPU
	EndGlobalSection
	GlobalSection(SolutionProperties) = preSolution
		HideSolutionNode = FALSE
	EndGlobalSection
	GlobalSection(ExtensibilityGlobals) = postSolution
		SolutionGuid = {1D1FC812-21DE-4687-B58C-5E134C191501}
	EndGlobalSection
EndGlobal
