
Microsoft Visual Studio Solution File, Format Version 12.00
# Visual Studio Version 17
VisualStudioVersion = 17.2.32519.379
MinimumVisualStudioVersion = 10.0.40219.1
Project("{9A19103F-16F7-4668-BE54-9A1E7A4F7556}") = "Desafio Sandro Henrique", "Desafio Sandro Henrique\Desafio Sandro Henrique.csproj", "{B6E467C8-38C5-4DCC-9D1B-F4115A6D44FD}"
EndProject
Global
	GlobalSection(SolutionConfigurationPlatforms) = preSolution
		Debug|Any CPU = Debug|Any CPU
		Release|Any CPU = Release|Any CPU
	EndGlobalSection
	GlobalSection(ProjectConfigurationPlatforms) = postSolution
		{B6E467C8-38C5-4DCC-9D1B-F4115A6D44FD}.Debug|Any CPU.ActiveCfg = Debug|Any CPU
		{B6E467C8-38C5-4DCC-9D1B-F4115A6D44FD}.Debug|Any CPU.Build.0 = Debug|Any CPU
		{B6E467C8-38C5-4DCC-9D1B-F4115A6D44FD}.Release|Any CPU.ActiveCfg = Release|Any CPU
		{B6E467C8-38C5-4DCC-9D1B-F4115A6D44FD}.Release|Any CPU.Build.0 = Release|Any CPU
	EndGlobalSection
	GlobalSection(SolutionProperties) = preSolution
		HideSolutionNode = FALSE
	EndGlobalSection
	GlobalSection(ExtensibilityGlobals) = postSolution
		SolutionGuid = {809D02CA-25B6-476C-9630-60030546A4D4}
	EndGlobalSection
EndGlobal
